{
  "name": "component-library",
  "version": "0.0.1",
  "lockfileVersion": 3,
  "requires": true,
  "packages": {
    "": {
      "name": "component-library",
      "version": "0.0.1",
      "dependencies": {
        "tslib": "^2.6.2"
      },
      "peerDependencies": {
        "@angular/common": "^16.2.0",
        "@angular/core": "^16.2.0",
        "test-angular-events": "file:../../../stencil-component-starter/test-angular-events-0.0.1.tgz"
      }
    },
    "node_modules/@angular/common": {
      "version": "16.2.11",
      "resolved": "https://registry.npmjs.org/@angular/common/-/common-16.2.11.tgz",
      "integrity": "sha512-h80WUR2OYlqxQy+4XgNtWT2vB+vZ6oCrFX/q8cU5jAvbvGQfJuH0zfcbSlUflStmAhk5/OT25F0mt96cqapEAw==",
      "peer": true,
      "dependencies": {
        "tslib": "^2.3.0"
      },
      "engines": {
        "node": "^16.14.0 || >=18.10.0"
      },
      "peerDependencies": {
        "@angular/core": "16.2.11",
        "rxjs": "^6.5.3 || ^7.4.0"
      }
    },
    "node_modules/@angular/core": {
      "version": "16.2.11",
      "resolved": "https://registry.npmjs.org/@angular/core/-/core-16.2.11.tgz",
      "integrity": "sha512-Jb+7/p1vczQRQ3iC1QxUS5cE4X1hPVAvbrFnyMpSx6Pq5o274v/lK6PvhUZrfKrp9FxFp9pN+WHjUqNFqOuJZg==",
      "peer": true,
      "dependencies": {
        "tslib": "^2.3.0"
      },
      "engines": {
        "node": "^16.14.0 || >=18.10.0"
      },
      "peerDependencies": {
        "rxjs": "^6.5.3 || ^7.4.0",
        "zone.js": "~0.13.0"
      }
    },
    "node_modules/@stencil/core": {
      "version": "4.6.0",
      "resolved": "https://registry.npmjs.org/@stencil/core/-/core-4.6.0.tgz",
      "integrity": "sha512-5Y6/fP28aspPDRB+Tz5GuB1jRVGuUEk5/rnyE8ACGcuzEOG+zR0A/IHRJSU3XmCxUlVDKfKoO6St5W84oUCVMA==",
      "peer": true,
      "bin": {
        "stencil": "bin/stencil"
      },
      "engines": {
        "node": ">=16.0.0",
        "npm": ">=7.10.0"
      }
    },
    "node_modules/rxjs": {
      "version": "7.8.1",
      "resolved": "https://registry.npmjs.org/rxjs/-/rxjs-7.8.1.tgz",
      "integrity": "sha512-AA3TVj+0A2iuIoQkWEK/tqFjBq2j+6PO6Y0zJcvzLAFhEFIO3HL0vls9hWLncZbAAbK0mar7oZ4V079I/qPMxg==",
      "peer": true,
      "dependencies": {
        "tslib": "^2.1.0"
      }
    },
    "node_modules/test-angular-events": {
      "version": "0.0.1",
      "resolved": "file:../../../stencil-component-starter/test-angular-events-0.0.1.tgz",
      "integrity": "sha512-W0ELTccBXzplqUyPgmOmCIg0AK1VepCCtDuzcfbHuLYmAOc4Q1Jhs+UEIFf7CGnxwcHpWEUHxvw03Bp8iNo9EA==",
      "license": "MIT",
      "peer": true,
      "dependencies": {
        "@stencil/core": "^4.6.0"
      }
    },
    "node_modules/tslib": {
      "version": "2.6.2",
      "resolved": "https://registry.npmjs.org/tslib/-/tslib-2.6.2.tgz",
      "integrity": "sha512-AEYxH93jGFPn/a2iVAwW87VuUIkR1FVUKB77NwMF7nBTDkDrrT/Hpt/IrCJ0QXhW27jTBDcf5ZY7w6RiqTMw2Q=="
    },
    "node_modules/zone.js": {
      "version": "0.13.3",
      "resolved": "https://registry.npmjs.org/zone.js/-/zone.js-0.13.3.tgz",
      "integrity": "sha512-MKPbmZie6fASC/ps4dkmIhaT5eonHkEt6eAy80K42tAm0G2W+AahLJjbfi6X9NPdciOE9GRFTTM8u2IiF6O3ww==",
      "peer": true,
      "dependencies": {
        "tslib": "^2.3.0"
      }
    }
  }
}
